
Microsoft Visual Studio Solution File, Format Version 12.00
# Visual Studio Version 16
VisualStudioVersion = 16.0.35130.168
MinimumVisualStudioVersion = 10.0.40219.1
Project("{FAE04EC0-301F-11D3-BF4B-00C04F79EFBC}") = "regexProject", "regexProject\regexProject.csproj", "{746F2941-1229-4A6A-ABEB-33C366A178EA}"
EndProject
Global
	GlobalSection(SolutionConfigurationPlatforms) = preSolution
		Debug|Any CPU = Debug|Any CPU
		Release|Any CPU = Release|Any CPU
	EndGlobalSection
	GlobalSection(ProjectConfigurationPlatforms) = postSolution
		{746F2941-1229-4A6A-ABEB-33C366A178EA}.Debug|Any CPU.ActiveCfg = Debug|Any CPU
		{746F2941-1229-4A6A-ABEB-33C366A178EA}.Debug|Any CPU.Build.0 = Debug|Any CPU
		{746F2941-1229-4A6A-ABEB-33C366A178EA}.Release|Any CPU.ActiveCfg = Release|Any CPU
		{746F2941-1229-4A6A-ABEB-33C366A178EA}.Release|Any CPU.Build.0 = Release|Any CPU
	EndGlobalSection
	GlobalSection(SolutionProperties) = preSolution
		HideSolutionNode = FALSE
	EndGlobalSection
	GlobalSection(ExtensibilityGlobals) = postSolution
		SolutionGuid = {E0941550-BD3C-47E0-A206-2AA367E43217}
	EndGlobalSection
EndGlobal
